
Microsoft Visual Studio Solution File, Format Version 12.00
# Visual Studio Version 17
VisualStudioVersion = 17.10.35122.118
MinimumVisualStudioVersion = 10.0.40219.1
Project("{FAE04EC0-301F-11D3-BF4B-00C04F79EFBC}") = "merge-sorted-array", "merge-sorted-array\merge-sorted-array.csproj", "{AD757F5D-E430-444A-8AA7-4852CB031D3D}"
EndProject
Global
	GlobalSection(SolutionConfigurationPlatforms) = preSolution
		Debug|Any CPU = Debug|Any CPU
		Release|Any CPU = Release|Any CPU
	EndGlobalSection
	GlobalSection(ProjectConfigurationPlatforms) = postSolution
		{AD757F5D-E430-444A-8AA7-4852CB031D3D}.Debug|Any CPU.ActiveCfg = Debug|Any CPU
		{AD757F5D-E430-444A-8AA7-4852CB031D3D}.Debug|Any CPU.Build.0 = Debug|Any CPU
		{AD757F5D-E430-444A-8AA7-4852CB031D3D}.Release|Any CPU.ActiveCfg = Release|Any CPU
		{AD757F5D-E430-444A-8AA7-4852CB031D3D}.Release|Any CPU.Build.0 = Release|Any CPU
	EndGlobalSection
	GlobalSection(SolutionProperties) = preSolution
		HideSolutionNode = FALSE
	EndGlobalSection
	GlobalSection(ExtensibilityGlobals) = postSolution
		SolutionGuid = {1A48DC28-93A6-4B30-89FA-A46B254C4DC2}
	EndGlobalSection
EndGlobal
